
Microsoft Visual Studio Solution File, Format Version 12.00
# Visual Studio Version 17
VisualStudioVersion = 17.4.33403.182
MinimumVisualStudioVersion = 10.0.40219.1
Project("{FAE04EC0-301F-11D3-BF4B-00C04F79EFBC}") = "Calculate", "Calculate\Calculate.csproj", "{953138D3-636A-4C8A-B408-CAABABAECD78}"
EndProject
Project("{FAE04EC0-301F-11D3-BF4B-00C04F79EFBC}") = "Calculate.Tests", "Calculate.Tests\Calculate.Tests.csproj", "{D4EE0DDB-97D6-464F-8BF3-91652FE3F0CF}"
EndProject
Global
	GlobalSection(SolutionConfigurationPlatforms) = preSolution
		Debug|Any CPU = Debug|Any CPU
		Release|Any CPU = Release|Any CPU
	EndGlobalSection
	GlobalSection(ProjectConfigurationPlatforms) = postSolution
		{953138D3-636A-4C8A-B408-CAABABAECD78}.Debug|Any CPU.ActiveCfg = Debug|Any CPU
		{953138D3-636A-4C8A-B408-CAABABAECD78}.Debug|Any CPU.Build.0 = Debug|Any CPU
		{953138D3-636A-4C8A-B408-CAABABAECD78}.Release|Any CPU.ActiveCfg = Release|Any CPU
		{953138D3-636A-4C8A-B408-CAABABAECD78}.Release|Any CPU.Build.0 = Release|Any CPU
		{D4EE0DDB-97D6-464F-8BF3-91652FE3F0CF}.Debug|Any CPU.ActiveCfg = Debug|Any CPU
		{D4EE0DDB-97D6-464F-8BF3-91652FE3F0CF}.Debug|Any CPU.Build.0 = Debug|Any CPU
		{D4EE0DDB-97D6-464F-8BF3-91652FE3F0CF}.Release|Any CPU.ActiveCfg = Release|Any CPU
		{D4EE0DDB-97D6-464F-8BF3-91652FE3F0CF}.Release|Any CPU.Build.0 = Release|Any CPU
	EndGlobalSection
	GlobalSection(SolutionProperties) = preSolution
		HideSolutionNode = FALSE
	EndGlobalSection
	GlobalSection(ExtensibilityGlobals) = postSolution
		SolutionGuid = {F30873DB-F8F0-4027-8D2D-69937D9EDB04}
	EndGlobalSection
EndGlobal
